{
  "name": "jsht",
  "version": "1.0.3",
  "lockfileVersion": 2,
  "requires": true,
  "packages": {
    "": {
      "version": "1.0.3",
      "license": "GNU",
      "dependencies": {
        "readline-sync": "^1.4.10",
        "shellparams": "^1.0.3"
      },
      "bin": {
        "jsht": "bin/jsht"
      },
      "devDependencies": {}
    },
    "node_modules/readline-sync": {
      "version": "1.4.10",
      "resolved": "https://registry.npmjs.org/readline-sync/-/readline-sync-1.4.10.tgz",
      "integrity": "sha512-gNva8/6UAe8QYepIQH/jQ2qn91Qj0B9sYjMBBs3QOB8F2CXcKgLxQaJRP76sWVRQt+QU+8fAkCbCvjjMFu7Ycw==",
      "engines": {
        "node": ">= 0.8.0"
      }
    },
    "node_modules/shellparams": {
      "version": "1.0.4",
      "resolved": "https://registry.npmjs.org/shellparams/-/shellparams-1.0.4.tgz",
      "integrity": "sha512-ArL6OEZWTLQNlZBU0HJR2E0RxddxzYyyYmbDV6ksemcd/3XgsW6LW7LPOf2prHPIeG7mPP/iA8uPsGb8j62bJw=="
    }
  },
  "dependencies": {
    "readline-sync": {
      "version": "1.4.10",
      "resolved": "https://registry.npmjs.org/readline-sync/-/readline-sync-1.4.10.tgz",
      "integrity": "sha512-gNva8/6UAe8QYepIQH/jQ2qn91Qj0B9sYjMBBs3QOB8F2CXcKgLxQaJRP76sWVRQt+QU+8fAkCbCvjjMFu7Ycw=="
    },
    "shellparams": {
      "version": "1.0.4",
      "resolved": "https://registry.npmjs.org/shellparams/-/shellparams-1.0.4.tgz",
      "integrity": "sha512-ArL6OEZWTLQNlZBU0HJR2E0RxddxzYyyYmbDV6ksemcd/3XgsW6LW7LPOf2prHPIeG7mPP/iA8uPsGb8j62bJw=="
    }
  }
}
